<?xml version="1.0" encoding="utf-8"?>
<Project ToolsVersion="4.0" xmlns="http://schemas.microsoft.com/developer/msbuild/2003">
  <ItemGroup>
    <Filter Include="Quelldateien">
      <UniqueIdentifier>{4FC737F1-C7A5-4376-A066-2A32D752A2FF}</UniqueIdentifier>
      <Extensions>cpp;c;cc;cxx;def;odl;idl;hpj;bat;asm;asmx</Extensions>
    </Filter>
    <Filter Include="Headerdateien">
      <UniqueIdentifier>{93995380-89BD-4b04-88EB-625FBE52EBFB}</UniqueIdentifier>
      <Extensions>h;hh;hpp;hxx;hm;inl;inc;ipp;xsd</Extensions>
    </Filter>
    <Filter Include="Ressourcendateien">
      <UniqueIdentifier>{67DA6AB6-F800-4c08-8B7A-83BB121AAD01}</UniqueIdentifier>
      <Extensions>rc;ico;cur;bmp;dlg;rc2;rct;bin;rgs;gif;jpg;jpeg;jpe;resx;tiff;tif;png;wav;mfcribbon-ms</Extensions>
    </Filter>
  </ItemGroup>
  <ItemGroup>
    <ClCompile Include="main.cpp">
      <Filter>Quelldateien</Filter>
    </ClCompile>
    <ClCompile Include="GameAsset.cpp">
      <Filter>Quelldateien</Filter>
    </ClCompile>
    <ClCompile Include="GameScene.cpp">
      <Filter>Quelldateien</Filter>
    </ClCompile>
    <ClCompile Include="SpriteAsset.cpp">
      <Filter>Quelldateien</Filter>
    </ClCompile>
    <ClCompile Include="AudioAsset.cpp">
      <Filter>Quelldateien</Filter>
    </ClCompile>
    <ClCompile Include="Action.cpp">
      <Filter>Quelldateien</Filter>
    </ClCompile>
    <ClCompile Include="GameManager.cpp">
      <Filter>Quelldateien</Filter>
    </ClCompile>
    <ClCompile Include="MySprite.cpp">
      <Filter>Quelldateien</Filter>
    </ClCompile>
    <ClCompile Include="AnimationAsset.cpp">
      <Filter>Quelldateien</Filter>
    </ClCompile>
    <ClCompile Include="DrawableAsset.cpp">
      <Filter>Quelldateien</Filter>
    </ClCompile>
    <ClCompile Include="MyTime.cpp">
      <Filter>Quelldateien</Filter>
    </ClCompile>
  </ItemGroup>
  <ItemGroup>
    <Text Include="Assets.xml">
      <Filter>Ressourcendateien</Filter>
    </Text>
  </ItemGroup>
  <ItemGroup>
    <ClInclude Include="GameAsset.h">
      <Filter>Headerdateien</Filter>
    </ClInclude>
    <ClInclude Include="GameScene.h">
      <Filter>Headerdateien</Filter>
    </ClInclude>
    <ClInclude Include="SpriteAsset.h">
      <Filter>Headerdateien</Filter>
    </ClInclude>
    <ClInclude Include="AudioAsset.h">
      <Filter>Headerdateien</Filter>
    </ClInclude>
    <ClInclude Include="Action.h">
      <Filter>Headerdateien</Filter>
    </ClInclude>
    <ClInclude Include="GameManager.h">
      <Filter>Headerdateien</Filter>
    </ClInclude>
    <ClInclude Include="MySprite.h">
      <Filter>Headerdateien</Filter>
    </ClInclude>
    <ClInclude Include="AnimationAsset.h">
      <Filter>Headerdateien</Filter>
    </ClInclude>
    <ClInclude Include="DrawableAsset.h">
      <Filter>Headerdateien</Filter>
    </ClInclude>
    <ClInclude Include="MyTime.h">
      <Filter>Headerdateien</Filter>
    </ClInclude>
  </ItemGroup>
</Project>